
Microsoft Visual Studio Solution File, Format Version 11.00
# Visual Studio 2010
Project("{FAE04EC0-301F-11D3-BF4B-00C04F79EFBC}") = "UnityEngine.UI", "UnityEngine.UI.csproj", "{7ed61df5-0f00-7f61-a0d4-a5a92c38093e}"
EndProject
Project("{FAE04EC0-301F-11D3-BF4B-00C04F79EFBC}") = "UnityEditor.UI", "UnityEditor.UI.csproj", "{b4706bfa-1401-7444-f6a9-262a93da6067}"
EndProject
Global
	GlobalSection(SolutionConfigurationPlatforms) = preSolution
		Debug|Any CPU = Debug|Any CPU
	EndGlobalSection
	GlobalSection(ProjectConfigurationPlatforms) = postSolution
		{7ed61df5-0f00-7f61-a0d4-a5a92c38093e}.Debug|Any CPU.ActiveCfg = Debug|Any CPU
		{7ed61df5-0f00-7f61-a0d4-a5a92c38093e}.Debug|Any CPU.Build.0 = Debug|Any CPU
		{b4706bfa-1401-7444-f6a9-262a93da6067}.Debug|Any CPU.ActiveCfg = Debug|Any CPU
		{b4706bfa-1401-7444-f6a9-262a93da6067}.Debug|Any CPU.Build.0 = Debug|Any CPU
	EndGlobalSection
	GlobalSection(SolutionProperties) = preSolution
		HideSolutionNode = FALSE
	EndGlobalSection
EndGlobal
